
Microsoft Visual Studio Solution File, Format Version 12.00
# Visual Studio Version 17
VisualStudioVersion = 17.11.35312.102
MinimumVisualStudioVersion = 10.0.40219.1
Project("{54A90642-561A-4BB1-A94E-469ADEE60C69}") = "csci321.client", "csci321.client\csci321.client.esproj", "{BA484A9E-0AD9-417B-B00E-3D054D8676FD}"
EndProject
Global
	GlobalSection(SolutionConfigurationPlatforms) = preSolution
		Debug|Any CPU = Debug|Any CPU
		Release|Any CPU = Release|Any CPU
	EndGlobalSection
	GlobalSection(ProjectConfigurationPlatforms) = postSolution
		{BA484A9E-0AD9-417B-B00E-3D054D8676FD}.Debug|Any CPU.ActiveCfg = Debug|Any CPU
		{BA484A9E-0AD9-417B-B00E-3D054D8676FD}.Debug|Any CPU.Build.0 = Debug|Any CPU
		{BA484A9E-0AD9-417B-B00E-3D054D8676FD}.Debug|Any CPU.Deploy.0 = Debug|Any CPU
		{BA484A9E-0AD9-417B-B00E-3D054D8676FD}.Release|Any CPU.ActiveCfg = Release|Any CPU
		{BA484A9E-0AD9-417B-B00E-3D054D8676FD}.Release|Any CPU.Build.0 = Release|Any CPU
		{BA484A9E-0AD9-417B-B00E-3D054D8676FD}.Release|Any CPU.Deploy.0 = Release|Any CPU
	EndGlobalSection
	GlobalSection(SolutionProperties) = preSolution
		HideSolutionNode = FALSE
	EndGlobalSection
	GlobalSection(ExtensibilityGlobals) = postSolution
		SolutionGuid = {16D38A9B-64FA-4B41-8178-CA04C31AC774}
	EndGlobalSection
EndGlobal
